
Microsoft Visual Studio Solution File, Format Version 12.00
# Visual Studio Version 16
VisualStudioVersion = 16.0.30011.22
MinimumVisualStudioVersion = 10.0.40219.1
Project("{FAE04EC0-301F-11D3-BF4B-00C04F79EFBC}") = "TagHelperCustomizada", "TagHelperCustomizada\TagHelperCustomizada.csproj", "{7ECEFFCD-B054-4057-99FC-38688641A2C1}"
EndProject
Project("{FAE04EC0-301F-11D3-BF4B-00C04F79EFBC}") = "Areas", "Areas\Areas.csproj", "{C77B940A-B2E5-4264-BD9A-A870B79A5581}"
EndProject
Global
	GlobalSection(SolutionConfigurationPlatforms) = preSolution
		Debug|Any CPU = Debug|Any CPU
		Release|Any CPU = Release|Any CPU
	EndGlobalSection
	GlobalSection(ProjectConfigurationPlatforms) = postSolution
		{7ECEFFCD-B054-4057-99FC-38688641A2C1}.Debug|Any CPU.ActiveCfg = Debug|Any CPU
		{7ECEFFCD-B054-4057-99FC-38688641A2C1}.Debug|Any CPU.Build.0 = Debug|Any CPU
		{7ECEFFCD-B054-4057-99FC-38688641A2C1}.Release|Any CPU.ActiveCfg = Release|Any CPU
		{7ECEFFCD-B054-4057-99FC-38688641A2C1}.Release|Any CPU.Build.0 = Release|Any CPU
		{C77B940A-B2E5-4264-BD9A-A870B79A5581}.Debug|Any CPU.ActiveCfg = Debug|Any CPU
		{C77B940A-B2E5-4264-BD9A-A870B79A5581}.Debug|Any CPU.Build.0 = Debug|Any CPU
		{C77B940A-B2E5-4264-BD9A-A870B79A5581}.Release|Any CPU.ActiveCfg = Release|Any CPU
		{C77B940A-B2E5-4264-BD9A-A870B79A5581}.Release|Any CPU.Build.0 = Release|Any CPU
	EndGlobalSection
	GlobalSection(SolutionProperties) = preSolution
		HideSolutionNode = FALSE
	EndGlobalSection
	GlobalSection(ExtensibilityGlobals) = postSolution
		SolutionGuid = {2E353946-C174-4EB0-B757-FA09D7C209FF}
	EndGlobalSection
EndGlobal
